
Microsoft Visual Studio Solution File, Format Version 11.00
# Visual Studio 2010
Project("{8BC9CEB8-8B4A-11D0-8D11-00A0C91BC942}") = "123", "123\123.vcxproj", "{5EC728E5-2D6F-4B4E-8F31-24FCA2F3096A}"
EndProject
Global
	GlobalSection(SolutionConfigurationPlatforms) = preSolution
		Debug|Win32 = Debug|Win32
		Release|Win32 = Release|Win32
	EndGlobalSection
	GlobalSection(ProjectConfigurationPlatforms) = postSolution
		{5EC728E5-2D6F-4B4E-8F31-24FCA2F3096A}.Debug|Win32.ActiveCfg = Debug|Win32
		{5EC728E5-2D6F-4B4E-8F31-24FCA2F3096A}.Debug|Win32.Build.0 = Debug|Win32
		{5EC728E5-2D6F-4B4E-8F31-24FCA2F3096A}.Release|Win32.ActiveCfg = Release|Win32
		{5EC728E5-2D6F-4B4E-8F31-24FCA2F3096A}.Release|Win32.Build.0 = Release|Win32
	EndGlobalSection
	GlobalSection(SolutionProperties) = preSolution
		HideSolutionNode = FALSE
	EndGlobalSection
EndGlobal
